
Microsoft Visual Studio Solution File, Format Version 12.00
# Visual Studio for Mac
Project("{FAE04EC0-301F-11D3-BF4B-00C04F79EFBC}") = "ShaderLab", "ShaderLab.csproj", "{9C177B6B-7D67-3C93-8535-837345336A92}"
EndProject
Global
	GlobalSection(SolutionConfigurationPlatforms) = preSolution
		Debug|Any CPU = Debug|Any CPU
		Release|Any CPU = Release|Any CPU
	EndGlobalSection
	GlobalSection(ProjectConfigurationPlatforms) = postSolution
		{9C177B6B-7D67-3C93-8535-837345336A92}.Debug|Any CPU.ActiveCfg = Debug|Any CPU
		{9C177B6B-7D67-3C93-8535-837345336A92}.Debug|Any CPU.Build.0 = Debug|Any CPU
		{9C177B6B-7D67-3C93-8535-837345336A92}.Release|Any CPU.ActiveCfg = Release|Any CPU
		{9C177B6B-7D67-3C93-8535-837345336A92}.Release|Any CPU.Build.0 = Release|Any CPU
	EndGlobalSection
	GlobalSection(SolutionProperties) = preSolution
		HideSolutionNode = FALSE
	EndGlobalSection
EndGlobal
